
Microsoft Visual Studio Solution File, Format Version 12.00
# Visual Studio 15
VisualStudioVersion = 15.0.27428.2011
MinimumVisualStudioVersion = 10.0.40219.1
Project("{9A19103F-16F7-4668-BE54-9A1E7A4F7556}") = "MITA.Web", "MITA.Web\MITA.Web.csproj", "{05AFA9EA-913B-472A-94E8-19F66219AA93}"
	ProjectSection(ProjectDependencies) = postProject
		{D61060A5-47DB-47A2-8F16-DC38E8201FF6} = {D61060A5-47DB-47A2-8F16-DC38E8201FF6}
	EndProjectSection
EndProject
Project("{9A19103F-16F7-4668-BE54-9A1E7A4F7556}") = "MITA.DB", "MITA.DB\MITA.DB.csproj", "{201825BA-58F4-4B3F-A2B8-DABB282B3097}"
EndProject
Project("{9A19103F-16F7-4668-BE54-9A1E7A4F7556}") = "MITA.DAL", "MITA.DAL\MITA.DAL.csproj", "{CDA50D7F-67CE-41E8-9D60-B7208FCE086A}"
EndProject
Project("{9A19103F-16F7-4668-BE54-9A1E7A4F7556}") = "MITA.DAL.Implementation", "MITA.DAL.Implementation\MITA.DAL.Implementation.csproj", "{2DC3BAA4-CA2F-4E1B-A453-B0911CD3D9F8}"
EndProject
Project("{9A19103F-16F7-4668-BE54-9A1E7A4F7556}") = "MITA.Entities", "MITA.Entities\MITA.Entities.csproj", "{9D348EB2-5C82-4CE1-8DBB-C524CFFA5AE2}"
EndProject
Project("{9A19103F-16F7-4668-BE54-9A1E7A4F7556}") = "MITA.ViewModels", "MITA.ViewModels\MITA.ViewModels.csproj", "{DB01B819-8CE1-4AC4-8735-3338320005C0}"
EndProject
Project("{FAE04EC0-301F-11D3-BF4B-00C04F79EFBC}") = "MITA.Auth", "MITA.Auth\MITA.Auth.csproj", "{D61060A5-47DB-47A2-8F16-DC38E8201FF6}"
EndProject
Global
	GlobalSection(SolutionConfigurationPlatforms) = preSolution
		Debug|Any CPU = Debug|Any CPU
		Release|Any CPU = Release|Any CPU
	EndGlobalSection
	GlobalSection(ProjectConfigurationPlatforms) = postSolution
		{05AFA9EA-913B-472A-94E8-19F66219AA93}.Debug|Any CPU.ActiveCfg = Debug|Any CPU
		{05AFA9EA-913B-472A-94E8-19F66219AA93}.Debug|Any CPU.Build.0 = Debug|Any CPU
		{05AFA9EA-913B-472A-94E8-19F66219AA93}.Release|Any CPU.ActiveCfg = Release|Any CPU
		{05AFA9EA-913B-472A-94E8-19F66219AA93}.Release|Any CPU.Build.0 = Release|Any CPU
		{201825BA-58F4-4B3F-A2B8-DABB282B3097}.Debug|Any CPU.ActiveCfg = Debug|Any CPU
		{201825BA-58F4-4B3F-A2B8-DABB282B3097}.Debug|Any CPU.Build.0 = Debug|Any CPU
		{201825BA-58F4-4B3F-A2B8-DABB282B3097}.Release|Any CPU.ActiveCfg = Release|Any CPU
		{201825BA-58F4-4B3F-A2B8-DABB282B3097}.Release|Any CPU.Build.0 = Release|Any CPU
		{CDA50D7F-67CE-41E8-9D60-B7208FCE086A}.Debug|Any CPU.ActiveCfg = Debug|Any CPU
		{CDA50D7F-67CE-41E8-9D60-B7208FCE086A}.Debug|Any CPU.Build.0 = Debug|Any CPU
		{CDA50D7F-67CE-41E8-9D60-B7208FCE086A}.Release|Any CPU.ActiveCfg = Release|Any CPU
		{CDA50D7F-67CE-41E8-9D60-B7208FCE086A}.Release|Any CPU.Build.0 = Release|Any CPU
		{2DC3BAA4-CA2F-4E1B-A453-B0911CD3D9F8}.Debug|Any CPU.ActiveCfg = Debug|Any CPU
		{2DC3BAA4-CA2F-4E1B-A453-B0911CD3D9F8}.Debug|Any CPU.Build.0 = Debug|Any CPU
		{2DC3BAA4-CA2F-4E1B-A453-B0911CD3D9F8}.Release|Any CPU.ActiveCfg = Release|Any CPU
		{2DC3BAA4-CA2F-4E1B-A453-B0911CD3D9F8}.Release|Any CPU.Build.0 = Release|Any CPU
		{9D348EB2-5C82-4CE1-8DBB-C524CFFA5AE2}.Debug|Any CPU.ActiveCfg = Debug|Any CPU
		{9D348EB2-5C82-4CE1-8DBB-C524CFFA5AE2}.Debug|Any CPU.Build.0 = Debug|Any CPU
		{9D348EB2-5C82-4CE1-8DBB-C524CFFA5AE2}.Release|Any CPU.ActiveCfg = Release|Any CPU
		{9D348EB2-5C82-4CE1-8DBB-C524CFFA5AE2}.Release|Any CPU.Build.0 = Release|Any CPU
		{DB01B819-8CE1-4AC4-8735-3338320005C0}.Debug|Any CPU.ActiveCfg = Debug|Any CPU
		{DB01B819-8CE1-4AC4-8735-3338320005C0}.Debug|Any CPU.Build.0 = Debug|Any CPU
		{DB01B819-8CE1-4AC4-8735-3338320005C0}.Release|Any CPU.ActiveCfg = Release|Any CPU
		{DB01B819-8CE1-4AC4-8735-3338320005C0}.Release|Any CPU.Build.0 = Release|Any CPU
		{D61060A5-47DB-47A2-8F16-DC38E8201FF6}.Debug|Any CPU.ActiveCfg = Debug|Any CPU
		{D61060A5-47DB-47A2-8F16-DC38E8201FF6}.Debug|Any CPU.Build.0 = Debug|Any CPU
		{D61060A5-47DB-47A2-8F16-DC38E8201FF6}.Release|Any CPU.ActiveCfg = Release|Any CPU
		{D61060A5-47DB-47A2-8F16-DC38E8201FF6}.Release|Any CPU.Build.0 = Release|Any CPU
	EndGlobalSection
	GlobalSection(SolutionProperties) = preSolution
		HideSolutionNode = FALSE
	EndGlobalSection
	GlobalSection(ExtensibilityGlobals) = postSolution
		SolutionGuid = {86235D2B-98F1-43B3-8636-9AB5395AC62D}
	EndGlobalSection
EndGlobal
